// !$*UTF8*$!
{
	archiveVersion = 1;
	classes = {
	};
	objectVersion = 46;
	objects = {

/* Begin PBXBuildFile section */
		47A7CD4747550A0FF92318A0 /* Pods_GitHubUsersTests.framework in Frameworks */ = {isa = PBXBuildFile; fileRef = D096AC9E11A5DD109C7EFEEF /* Pods_GitHubUsersTests.framework */; };
		A382D26E7D92984C22B7C23E /* Pods_GitHubUsers.framework in Frameworks */ = {isa = PBXBuildFile; fileRef = 58F74A63537A749CC88FCDF2 /* Pods_GitHubUsers.framework */; };
		C6DCCA431FDD6A4000268E76 /* APIClientService.swift in Sources */ = {isa = PBXBuildFile; fileRef = C6DCCA421FDD6A4000268E76 /* APIClientService.swift */; };
		C6DCCA451FDD6DDC00268E76 /* UsersViewModelService.swift in Sources */ = {isa = PBXBuildFile; fileRef = C6DCCA441FDD6DDC00268E76 /* UsersViewModelService.swift */; };
		C6DCCA471FDD6E1400268E76 /* UsersViewModel.swift in Sources */ = {isa = PBXBuildFile; fileRef = C6DCCA461FDD6E1400268E76 /* UsersViewModel.swift */; };
		C6DCCA491FDD725700268E76 /* UsersViewController.swift in Sources */ = {isa = PBXBuildFile; fileRef = C6DCCA481FDD725700268E76 /* UsersViewController.swift */; };
		C6DCCA4B1FDD731E00268E76 /* Scene.swift in Sources */ = {isa = PBXBuildFile; fileRef = C6DCCA4A1FDD731E00268E76 /* Scene.swift */; };
		C6DCCA4D1FDD733700268E76 /* SceneCoordinatorType.swift in Sources */ = {isa = PBXBuildFile; fileRef = C6DCCA4C1FDD733700268E76 /* SceneCoordinatorType.swift */; };
		C6DCCA4F1FDD735200268E76 /* SceneTransitionType.swift in Sources */ = {isa = PBXBuildFile; fileRef = C6DCCA4E1FDD735200268E76 /* SceneTransitionType.swift */; };
		C6DCCA511FDD737300268E76 /* SceneCoordinator.swift in Sources */ = {isa = PBXBuildFile; fileRef = C6DCCA501FDD737300268E76 /* SceneCoordinator.swift */; };
		C6DCCA531FDD9BE600268E76 /* ReposViewModel.swift in Sources */ = {isa = PBXBuildFile; fileRef = C6DCCA521FDD9BE600268E76 /* ReposViewModel.swift */; };
		C6DCCA551FDD9BFD00268E76 /* ReposViewController.swift in Sources */ = {isa = PBXBuildFile; fileRef = C6DCCA541FDD9BFD00268E76 /* ReposViewController.swift */; };
		C6DCCA571FDD9C7C00268E76 /* UserTableViewCell.swift in Sources */ = {isa = PBXBuildFile; fileRef = C6DCCA561FDD9C7C00268E76 /* UserTableViewCell.swift */; };
		C6DCCA591FDD9C9900268E76 /* RepoTableViewCell.swift in Sources */ = {isa = PBXBuildFile; fileRef = C6DCCA581FDD9C9900268E76 /* RepoTableViewCell.swift */; };
		C6DCCA5B1FDD9CBA00268E76 /* UserTableViewCell.xib in Resources */ = {isa = PBXBuildFile; fileRef = C6DCCA5A1FDD9CBA00268E76 /* UserTableViewCell.xib */; };
		C6DCCA5D1FDD9D3100268E76 /* RepoTableViewCell.xib in Resources */ = {isa = PBXBuildFile; fileRef = C6DCCA5C1FDD9D3100268E76 /* RepoTableViewCell.xib */; };
		C6DCCA5F1FDDA05F00268E76 /* MockAPIServiceClient.swift in Sources */ = {isa = PBXBuildFile; fileRef = C6DCCA5E1FDDA05F00268E76 /* MockAPIServiceClient.swift */; };
		C6DCCA611FDDA41E00268E76 /* MockUsersViewModelService.swift in Sources */ = {isa = PBXBuildFile; fileRef = C6DCCA601FDDA41E00268E76 /* MockUsersViewModelService.swift */; };
		C6DCCA631FDDA43700268E76 /* MockUsersViewModel.swift in Sources */ = {isa = PBXBuildFile; fileRef = C6DCCA621FDDA43700268E76 /* MockUsersViewModel.swift */; };
		C6DCCA661FDDA51200268E76 /* ReposResponse.JSON in Resources */ = {isa = PBXBuildFile; fileRef = C6DCCA641FDDA51200268E76 /* ReposResponse.JSON */; };
		C6DCCA671FDDA51200268E76 /* UsersResponse.JSON in Resources */ = {isa = PBXBuildFile; fileRef = C6DCCA651FDDA51200268E76 /* UsersResponse.JSON */; };
		C6E6B5571FDC513200846F90 /* AppDelegate.swift in Sources */ = {isa = PBXBuildFile; fileRef = C6E6B5561FDC513200846F90 /* AppDelegate.swift */; };
		C6E6B55C1FDC513200846F90 /* Main.storyboard in Resources */ = {isa = PBXBuildFile; fileRef = C6E6B55A1FDC513200846F90 /* Main.storyboard */; };
		C6E6B55E1FDC513200846F90 /* Assets.xcassets in Resources */ = {isa = PBXBuildFile; fileRef = C6E6B55D1FDC513200846F90 /* Assets.xcassets */; };
		C6E6B5611FDC513200846F90 /* LaunchScreen.storyboard in Resources */ = {isa = PBXBuildFile; fileRef = C6E6B55F1FDC513200846F90 /* LaunchScreen.storyboard */; };
		C6E6B56C1FDC513200846F90 /* GitHubUsersTests.swift in Sources */ = {isa = PBXBuildFile; fileRef = C6E6B56B1FDC513200846F90 /* GitHubUsersTests.swift */; };
		C6E6B5801FDC552100846F90 /* User.swift in Sources */ = {isa = PBXBuildFile; fileRef = C6E6B57F1FDC552100846F90 /* User.swift */; };
		C6E6B5821FDC553500846F90 /* Repo.swift in Sources */ = {isa = PBXBuildFile; fileRef = C6E6B5811FDC553500846F90 /* Repo.swift */; };
		C6E6B5841FDC55A000846F90 /* Bindable.swift in Sources */ = {isa = PBXBuildFile; fileRef = C6E6B5831FDC55A000846F90 /* Bindable.swift */; };
/* End PBXBuildFile section */

/* Begin PBXContainerItemProxy section */
		C6E6B5681FDC513200846F90 /* PBXContainerItemProxy */ = {
			isa = PBXContainerItemProxy;
			containerPortal = C6E6B54B1FDC513200846F90 /* Project object */;
			proxyType = 1;
			remoteGlobalIDString = C6E6B5521FDC513200846F90;
			remoteInfo = GitHubUsers;
		};
/* End PBXContainerItemProxy section */

/* Begin PBXFileReference section */
		2963A7881B1907FA9944998B /* Pods-GitHubUsers.release.xcconfig */ = {isa = PBXFileReference; includeInIndex = 1; lastKnownFileType = text.xcconfig; name = "Pods-GitHubUsers.release.xcconfig"; path = "Pods/Target Support Files/Pods-GitHubUsers/Pods-GitHubUsers.release.xcconfig"; sourceTree = "<group>"; };
		58F74A63537A749CC88FCDF2 /* Pods_GitHubUsers.framework */ = {isa = PBXFileReference; explicitFileType = wrapper.framework; includeInIndex = 0; path = Pods_GitHubUsers.framework; sourceTree = BUILT_PRODUCTS_DIR; };
		682578AE92071A00B18886CC /* Pods-GitHubUsersTests.release.xcconfig */ = {isa = PBXFileReference; includeInIndex = 1; lastKnownFileType = text.xcconfig; name = "Pods-GitHubUsersTests.release.xcconfig"; path = "Pods/Target Support Files/Pods-GitHubUsersTests/Pods-GitHubUsersTests.release.xcconfig"; sourceTree = "<group>"; };
		C00729732A999C67C99AE422 /* Pods-GitHubUsers.debug.xcconfig */ = {isa = PBXFileReference; includeInIndex = 1; lastKnownFileType = text.xcconfig; name = "Pods-GitHubUsers.debug.xcconfig"; path = "Pods/Target Support Files/Pods-GitHubUsers/Pods-GitHubUsers.debug.xcconfig"; sourceTree = "<group>"; };
		C6DCCA421FDD6A4000268E76 /* APIClientService.swift */ = {isa = PBXFileReference; fileEncoding = 4; lastKnownFileType = sourcecode.swift; path = APIClientService.swift; sourceTree = "<group>"; };
		C6DCCA441FDD6DDC00268E76 /* UsersViewModelService.swift */ = {isa = PBXFileReference; fileEncoding = 4; lastKnownFileType = sourcecode.swift; path = UsersViewModelService.swift; sourceTree = "<group>"; };
		C6DCCA461FDD6E1400268E76 /* UsersViewModel.swift */ = {isa = PBXFileReference; fileEncoding = 4; lastKnownFileType = sourcecode.swift; path = UsersViewModel.swift; sourceTree = "<group>"; };
		C6DCCA481FDD725700268E76 /* UsersViewController.swift */ = {isa = PBXFileReference; fileEncoding = 4; lastKnownFileType = sourcecode.swift; path = UsersViewController.swift; sourceTree = "<group>"; };
		C6DCCA4A1FDD731E00268E76 /* Scene.swift */ = {isa = PBXFileReference; fileEncoding = 4; lastKnownFileType = sourcecode.swift; path = Scene.swift; sourceTree = "<group>"; };
		C6DCCA4C1FDD733700268E76 /* SceneCoordinatorType.swift */ = {isa = PBXFileReference; fileEncoding = 4; lastKnownFileType = sourcecode.swift; path = SceneCoordinatorType.swift; sourceTree = "<group>"; };
		C6DCCA4E1FDD735200268E76 /* SceneTransitionType.swift */ = {isa = PBXFileReference; fileEncoding = 4; lastKnownFileType = sourcecode.swift; path = SceneTransitionType.swift; sourceTree = "<group>"; };
		C6DCCA501FDD737300268E76 /* SceneCoordinator.swift */ = {isa = PBXFileReference; fileEncoding = 4; lastKnownFileType = sourcecode.swift; path = SceneCoordinator.swift; sourceTree = "<group>"; };
		C6DCCA521FDD9BE600268E76 /* ReposViewModel.swift */ = {isa = PBXFileReference; fileEncoding = 4; lastKnownFileType = sourcecode.swift; path = ReposViewModel.swift; sourceTree = "<group>"; };
		C6DCCA541FDD9BFD00268E76 /* ReposViewController.swift */ = {isa = PBXFileReference; fileEncoding = 4; lastKnownFileType = sourcecode.swift; path = ReposViewController.swift; sourceTree = "<group>"; };
		C6DCCA561FDD9C7C00268E76 /* UserTableViewCell.swift */ = {isa = PBXFileReference; fileEncoding = 4; lastKnownFileType = sourcecode.swift; path = UserTableViewCell.swift; sourceTree = "<group>"; };
		C6DCCA581FDD9C9900268E76 /* RepoTableViewCell.swift */ = {isa = PBXFileReference; fileEncoding = 4; lastKnownFileType = sourcecode.swift; path = RepoTableViewCell.swift; sourceTree = "<group>"; };
		C6DCCA5A1FDD9CBA00268E76 /* UserTableViewCell.xib */ = {isa = PBXFileReference; fileEncoding = 4; lastKnownFileType = file.xib; path = UserTableViewCell.xib; sourceTree = "<group>"; };
		C6DCCA5C1FDD9D3100268E76 /* RepoTableViewCell.xib */ = {isa = PBXFileReference; fileEncoding = 4; lastKnownFileType = file.xib; path = RepoTableViewCell.xib; sourceTree = "<group>"; };
		C6DCCA5E1FDDA05F00268E76 /* MockAPIServiceClient.swift */ = {isa = PBXFileReference; fileEncoding = 4; lastKnownFileType = sourcecode.swift; path = MockAPIServiceClient.swift; sourceTree = "<group>"; };
		C6DCCA601FDDA41E00268E76 /* MockUsersViewModelService.swift */ = {isa = PBXFileReference; fileEncoding = 4; lastKnownFileType = sourcecode.swift; path = MockUsersViewModelService.swift; sourceTree = "<group>"; };
		C6DCCA621FDDA43700268E76 /* MockUsersViewModel.swift */ = {isa = PBXFileReference; fileEncoding = 4; lastKnownFileType = sourcecode.swift; path = MockUsersViewModel.swift; sourceTree = "<group>"; };
		C6DCCA641FDDA51200268E76 /* ReposResponse.JSON */ = {isa = PBXFileReference; fileEncoding = 4; lastKnownFileType = text.json; path = ReposResponse.JSON; sourceTree = "<group>"; };
		C6DCCA651FDDA51200268E76 /* UsersResponse.JSON */ = {isa = PBXFileReference; fileEncoding = 4; lastKnownFileType = text.json; path = UsersResponse.JSON; sourceTree = "<group>"; };
		C6E6B5531FDC513200846F90 /* GitHubUsers.app */ = {isa = PBXFileReference; explicitFileType = wrapper.application; includeInIndex = 0; path = GitHubUsers.app; sourceTree = BUILT_PRODUCTS_DIR; };
		C6E6B5561FDC513200846F90 /* AppDelegate.swift */ = {isa = PBXFileReference; lastKnownFileType = sourcecode.swift; path = AppDelegate.swift; sourceTree = "<group>"; };
		C6E6B55B1FDC513200846F90 /* Base */ = {isa = PBXFileReference; lastKnownFileType = file.storyboard; name = Base; path = Base.lproj/Main.storyboard; sourceTree = "<group>"; };
		C6E6B55D1FDC513200846F90 /* Assets.xcassets */ = {isa = PBXFileReference; lastKnownFileType = folder.assetcatalog; path = Assets.xcassets; sourceTree = "<group>"; };
		C6E6B5601FDC513200846F90 /* Base */ = {isa = PBXFileReference; lastKnownFileType = file.storyboard; name = Base; path = Base.lproj/LaunchScreen.storyboard; sourceTree = "<group>"; };
		C6E6B5621FDC513200846F90 /* Info.plist */ = {isa = PBXFileReference; lastKnownFileType = text.plist.xml; path = Info.plist; sourceTree = "<group>"; };
		C6E6B5671FDC513200846F90 /* GitHubUsersTests.xctest */ = {isa = PBXFileReference; explicitFileType = wrapper.cfbundle; includeInIndex = 0; path = GitHubUsersTests.xctest; sourceTree = BUILT_PRODUCTS_DIR; };
		C6E6B56B1FDC513200846F90 /* GitHubUsersTests.swift */ = {isa = PBXFileReference; lastKnownFileType = sourcecode.swift; path = GitHubUsersTests.swift; sourceTree = "<group>"; };
		C6E6B56D1FDC513200846F90 /* Info.plist */ = {isa = PBXFileReference; lastKnownFileType = text.plist.xml; path = Info.plist; sourceTree = "<group>"; };
		C6E6B57F1FDC552100846F90 /* User.swift */ = {isa = PBXFileReference; fileEncoding = 4; lastKnownFileType = sourcecode.swift; path = User.swift; sourceTree = "<group>"; };
		C6E6B5811FDC553500846F90 /* Repo.swift */ = {isa = PBXFileReference; fileEncoding = 4; lastKnownFileType = sourcecode.swift; path = Repo.swift; sourceTree = "<group>"; };
		C6E6B5831FDC55A000846F90 /* Bindable.swift */ = {isa = PBXFileReference; fileEncoding = 4; lastKnownFileType = sourcecode.swift; path = Bindable.swift; sourceTree = "<group>"; };
		D096AC9E11A5DD109C7EFEEF /* Pods_GitHubUsersTests.framework */ = {isa = PBXFileReference; explicitFileType = wrapper.framework; includeInIndex = 0; path = Pods_GitHubUsersTests.framework; sourceTree = BUILT_PRODUCTS_DIR; };
		FCA2F5BF88794986BAF80E12 /* Pods-GitHubUsersTests.debug.xcconfig */ = {isa = PBXFileReference; includeInIndex = 1; lastKnownFileType = text.xcconfig; name = "Pods-GitHubUsersTests.debug.xcconfig"; path = "Pods/Target Support Files/Pods-GitHubUsersTests/Pods-GitHubUsersTests.debug.xcconfig"; sourceTree = "<group>"; };
/* End PBXFileReference section */

/* Begin PBXFrameworksBuildPhase section */
		C6E6B5501FDC513200846F90 /* Frameworks */ = {
			isa = PBXFrameworksBuildPhase;
			buildActionMask = 2147483647;
			files = (
				A382D26E7D92984C22B7C23E /* Pods_GitHubUsers.framework in Frameworks */,
			);
			runOnlyForDeploymentPostprocessing = 0;
		};
		C6E6B5641FDC513200846F90 /* Frameworks */ = {
			isa = PBXFrameworksBuildPhase;
			buildActionMask = 2147483647;
			files = (
				47A7CD4747550A0FF92318A0 /* Pods_GitHubUsersTests.framework in Frameworks */,
			);
			runOnlyForDeploymentPostprocessing = 0;
		};
/* End PBXFrameworksBuildPhase section */

/* Begin PBXGroup section */
		4437B652946441E17835FC17 /* Pods */ = {
			isa = PBXGroup;
			children = (
				C00729732A999C67C99AE422 /* Pods-GitHubUsers.debug.xcconfig */,
				2963A7881B1907FA9944998B /* Pods-GitHubUsers.release.xcconfig */,
				FCA2F5BF88794986BAF80E12 /* Pods-GitHubUsersTests.debug.xcconfig */,
				682578AE92071A00B18886CC /* Pods-GitHubUsersTests.release.xcconfig */,
			);
			name = Pods;
			sourceTree = "<group>";
		};
		A66453631BC1F64C214F882A /* Frameworks */ = {
			isa = PBXGroup;
			children = (
				58F74A63537A749CC88FCDF2 /* Pods_GitHubUsers.framework */,
				D096AC9E11A5DD109C7EFEEF /* Pods_GitHubUsersTests.framework */,
			);
			name = Frameworks;
			sourceTree = "<group>";
		};
		C6E6B54A1FDC513200846F90 = {
			isa = PBXGroup;
			children = (
				C6E6B5551FDC513200846F90 /* GitHubUsers */,
				C6E6B56A1FDC513200846F90 /* GitHubUsersTests */,
				C6E6B5541FDC513200846F90 /* Products */,
				4437B652946441E17835FC17 /* Pods */,
				A66453631BC1F64C214F882A /* Frameworks */,
			);
			sourceTree = "<group>";
		};
		C6E6B5541FDC513200846F90 /* Products */ = {
			isa = PBXGroup;
			children = (
				C6E6B5531FDC513200846F90 /* GitHubUsers.app */,
				C6E6B5671FDC513200846F90 /* GitHubUsersTests.xctest */,
			);
			name = Products;
			sourceTree = "<group>";
		};
		C6E6B5551FDC513200846F90 /* GitHubUsers */ = {
			isa = PBXGroup;
			children = (
				C6DCCA641FDDA51200268E76 /* ReposResponse.JSON */,
				C6DCCA651FDDA51200268E76 /* UsersResponse.JSON */,
				C6E6B57C1FDC54C900846F90 /* Users */,
				C6E6B57B1FDC54C000846F90 /* Repos */,
				C6E6B57A1FDC54B900846F90 /* Networking */,
				C6E6B5791FDC54AF00846F90 /* Models */,
				C6E6B5781FDC54A700846F90 /* Coordinator */,
				C6E6B5771FDC549F00846F90 /* Binding */,
				C6E6B5561FDC513200846F90 /* AppDelegate.swift */,
				C6E6B55A1FDC513200846F90 /* Main.storyboard */,
				C6E6B55D1FDC513200846F90 /* Assets.xcassets */,
				C6E6B55F1FDC513200846F90 /* LaunchScreen.storyboard */,
				C6E6B5621FDC513200846F90 /* Info.plist */,
			);
			path = GitHubUsers;
			sourceTree = "<group>";
		};
		C6E6B56A1FDC513200846F90 /* GitHubUsersTests */ = {
			isa = PBXGroup;
			children = (
				C6E6B56B1FDC513200846F90 /* GitHubUsersTests.swift */,
				C6E6B56D1FDC513200846F90 /* Info.plist */,
				C6DCCA5E1FDDA05F00268E76 /* MockAPIServiceClient.swift */,
				C6DCCA601FDDA41E00268E76 /* MockUsersViewModelService.swift */,
				C6DCCA621FDDA43700268E76 /* MockUsersViewModel.swift */,
			);
			path = GitHubUsersTests;
			sourceTree = "<group>";
		};
		C6E6B5771FDC549F00846F90 /* Binding */ = {
			isa = PBXGroup;
			children = (
				C6E6B5831FDC55A000846F90 /* Bindable.swift */,
			);
			path = Binding;
			sourceTree = "<group>";
		};
		C6E6B5781FDC54A700846F90 /* Coordinator */ = {
			isa = PBXGroup;
			children = (
				C6DCCA4A1FDD731E00268E76 /* Scene.swift */,
				C6DCCA4C1FDD733700268E76 /* SceneCoordinatorType.swift */,
				C6DCCA4E1FDD735200268E76 /* SceneTransitionType.swift */,
				C6DCCA501FDD737300268E76 /* SceneCoordinator.swift */,
			);
			path = Coordinator;
			sourceTree = "<group>";
		};
		C6E6B5791FDC54AF00846F90 /* Models */ = {
			isa = PBXGroup;
			children = (
				C6E6B57F1FDC552100846F90 /* User.swift */,
				C6E6B5811FDC553500846F90 /* Repo.swift */,
			);
			path = Models;
			sourceTree = "<group>";
		};
		C6E6B57A1FDC54B900846F90 /* Networking */ = {
			isa = PBXGroup;
			children = (
				C6DCCA421FDD6A4000268E76 /* APIClientService.swift */,
			);
			path = Networking;
			sourceTree = "<group>";
		};
		C6E6B57B1FDC54C000846F90 /* Repos */ = {
			isa = PBXGroup;
			children = (
				C6E6B57E1FDC54FC00846F90 /* Cells */,
				C6DCCA521FDD9BE600268E76 /* ReposViewModel.swift */,
				C6DCCA541FDD9BFD00268E76 /* ReposViewController.swift */,
			);
			path = Repos;
			sourceTree = "<group>";
		};
		C6E6B57C1FDC54C900846F90 /* Users */ = {
			isa = PBXGroup;
			children = (
				C6E6B57D1FDC54EE00846F90 /* Cells */,
				C6DCCA441FDD6DDC00268E76 /* UsersViewModelService.swift */,
				C6DCCA461FDD6E1400268E76 /* UsersViewModel.swift */,
				C6DCCA481FDD725700268E76 /* UsersViewController.swift */,
			);
			path = Users;
			sourceTree = "<group>";
		};
		C6E6B57D1FDC54EE00846F90 /* Cells */ = {
			isa = PBXGroup;
			children = (
				C6DCCA561FDD9C7C00268E76 /* UserTableViewCell.swift */,
				C6DCCA5A1FDD9CBA00268E76 /* UserTableViewCell.xib */,
			);
			path = Cells;
			sourceTree = "<group>";
		};
		C6E6B57E1FDC54FC00846F90 /* Cells */ = {
			isa = PBXGroup;
			children = (
				C6DCCA581FDD9C9900268E76 /* RepoTableViewCell.swift */,
				C6DCCA5C1FDD9D3100268E76 /* RepoTableViewCell.xib */,
			);
			path = Cells;
			sourceTree = "<group>";
		};
/* End PBXGroup section */

/* Begin PBXNativeTarget section */
		C6E6B5521FDC513200846F90 /* GitHubUsers */ = {
			isa = PBXNativeTarget;
			buildConfigurationList = C6E6B5701FDC513200846F90 /* Build configuration list for PBXNativeTarget "GitHubUsers" */;
			buildPhases = (
				43C279D09202CDA81EBAB95F /* [CP] Check Pods Manifest.lock */,
				C6E6B54F1FDC513200846F90 /* Sources */,
				C6E6B5501FDC513200846F90 /* Frameworks */,
				C6E6B5511FDC513200846F90 /* Resources */,
				59C0C47EDE9FD7AE2C1490B3 /* [CP] Embed Pods Frameworks */,
				00020B58C0765516AAE953E1 /* [CP] Copy Pods Resources */,
			);
			buildRules = (
			);
			dependencies = (
			);
			name = GitHubUsers;
			productName = GitHubUsers;
			productReference = C6E6B5531FDC513200846F90 /* GitHubUsers.app */;
			productType = "com.apple.product-type.application";
		};
		C6E6B5661FDC513200846F90 /* GitHubUsersTests */ = {
			isa = PBXNativeTarget;
			buildConfigurationList = C6E6B5731FDC513200846F90 /* Build configuration list for PBXNativeTarget "GitHubUsersTests" */;
			buildPhases = (
				893651238CC490BDA888DC50 /* [CP] Check Pods Manifest.lock */,
				C6E6B5631FDC513200846F90 /* Sources */,
				C6E6B5641FDC513200846F90 /* Frameworks */,
				C6E6B5651FDC513200846F90 /* Resources */,
				C1AE0618C3F1BE71EB97174D /* [CP] Embed Pods Frameworks */,
				F0487F66F167245E7A675C39 /* [CP] Copy Pods Resources */,
			);
			buildRules = (
			);
			dependencies = (
				C6E6B5691FDC513200846F90 /* PBXTargetDependency */,
			);
			name = GitHubUsersTests;
			productName = GitHubUsersTests;
			productReference = C6E6B5671FDC513200846F90 /* GitHubUsersTests.xctest */;
			productType = "com.apple.product-type.bundle.unit-test";
		};
/* End PBXNativeTarget section */

/* Begin PBXProject section */
		C6E6B54B1FDC513200846F90 /* Project object */ = {
			isa = PBXProject;
			attributes = {
				LastSwiftUpdateCheck = 0830;
				LastUpgradeCheck = 0830;
				ORGANIZATIONNAME = Bart;
				TargetAttributes = {
					C6E6B5521FDC513200846F90 = {
						CreatedOnToolsVersion = 8.3.3;
						DevelopmentTeam = DNVNQCZ59K;
						ProvisioningStyle = Automatic;
					};
					C6E6B5661FDC513200846F90 = {
						CreatedOnToolsVersion = 8.3.3;
						DevelopmentTeam = DNVNQCZ59K;
						ProvisioningStyle = Automatic;
						TestTargetID = C6E6B5521FDC513200846F90;
					};
				};
			};
			buildConfigurationList = C6E6B54E1FDC513200846F90 /* Build configuration list for PBXProject "GitHubUsers" */;
			compatibilityVersion = "Xcode 3.2";
			developmentRegion = English;
			hasScannedForEncodings = 0;
			knownRegions = (
				en,
				Base,
			);
			mainGroup = C6E6B54A1FDC513200846F90;
			productRefGroup = C6E6B5541FDC513200846F90 /* Products */;
			projectDirPath = "";
			projectRoot = "";
			targets = (
				C6E6B5521FDC513200846F90 /* GitHubUsers */,
				C6E6B5661FDC513200846F90 /* GitHubUsersTests */,
			);
		};
/* End PBXProject section */

/* Begin PBXResourcesBuildPhase section */
		C6E6B5511FDC513200846F90 /* Resources */ = {
			isa = PBXResourcesBuildPhase;
			buildActionMask = 2147483647;
			files = (
				C6DCCA5B1FDD9CBA00268E76 /* UserTableViewCell.xib in Resources */,
				C6E6B5611FDC513200846F90 /* LaunchScreen.storyboard in Resources */,
				C6DCCA671FDDA51200268E76 /* UsersResponse.JSON in Resources */,
				C6E6B55E1FDC513200846F90 /* Assets.xcassets in Resources */,
				C6E6B55C1FDC513200846F90 /* Main.storyboard in Resources */,
				C6DCCA661FDDA51200268E76 /* ReposResponse.JSON in Resources */,
				C6DCCA5D1FDD9D3100268E76 /* RepoTableViewCell.xib in Resources */,
			);
			runOnlyForDeploymentPostprocessing = 0;
		};
		C6E6B5651FDC513200846F90 /* Resources */ = {
			isa = PBXResourcesBuildPhase;
			buildActionMask = 2147483647;
			files = (
			);
			runOnlyForDeploymentPostprocessing = 0;
		};
/* End PBXResourcesBuildPhase section */

/* Begin PBXShellScriptBuildPhase section */
		00020B58C0765516AAE953E1 /* [CP] Copy Pods Resources */ = {
			isa = PBXShellScriptBuildPhase;
			buildActionMask = 2147483647;
			files = (
			);
			inputPaths = (
			);
			name = "[CP] Copy Pods Resources";
			outputPaths = (
			);
			runOnlyForDeploymentPostprocessing = 0;
			shellPath = /bin/sh;
			shellScript = "\"${SRCROOT}/Pods/Target Support Files/Pods-GitHubUsers/Pods-GitHubUsers-resources.sh\"\n";
			showEnvVarsInLog = 0;
		};
		43C279D09202CDA81EBAB95F /* [CP] Check Pods Manifest.lock */ = {
			isa = PBXShellScriptBuildPhase;
			buildActionMask = 2147483647;
			files = (
			);
			inputPaths = (
			);
			name = "[CP] Check Pods Manifest.lock";
			outputPaths = (
			);
			runOnlyForDeploymentPostprocessing = 0;
			shellPath = /bin/sh;
			shellScript = "diff \"${PODS_ROOT}/../Podfile.lock\" \"${PODS_ROOT}/Manifest.lock\" > /dev/null\nif [ $? != 0 ] ; then\n    # print error to STDERR\n    echo \"error: The sandbox is not in sync with the Podfile.lock. Run 'pod install' or update your CocoaPods installation.\" >&2\n    exit 1\nfi\n";
			showEnvVarsInLog = 0;
		};
		59C0C47EDE9FD7AE2C1490B3 /* [CP] Embed Pods Frameworks */ = {
			isa = PBXShellScriptBuildPhase;
			buildActionMask = 2147483647;
			files = (
			);
			inputPaths = (
			);
			name = "[CP] Embed Pods Frameworks";
			outputPaths = (
			);
			runOnlyForDeploymentPostprocessing = 0;
			shellPath = /bin/sh;
			shellScript = "\"${SRCROOT}/Pods/Target Support Files/Pods-GitHubUsers/Pods-GitHubUsers-frameworks.sh\"\n";
			showEnvVarsInLog = 0;
		};
		893651238CC490BDA888DC50 /* [CP] Check Pods Manifest.lock */ = {
			isa = PBXShellScriptBuildPhase;
			buildActionMask = 2147483647;
			files = (
			);
			inputPaths = (
			);
			name = "[CP] Check Pods Manifest.lock";
			outputPaths = (
			);
			runOnlyForDeploymentPostprocessing = 0;
			shellPath = /bin/sh;
			shellScript = "diff \"${PODS_ROOT}/../Podfile.lock\" \"${PODS_ROOT}/Manifest.lock\" > /dev/null\nif [ $? != 0 ] ; then\n    # print error to STDERR\n    echo \"error: The sandbox is not in sync with the Podfile.lock. Run 'pod install' or update your CocoaPods installation.\" >&2\n    exit 1\nfi\n";
			showEnvVarsInLog = 0;
		};
		C1AE0618C3F1BE71EB97174D /* [CP] Embed Pods Frameworks */ = {
			isa = PBXShellScriptBuildPhase;
			buildActionMask = 2147483647;
			files = (
			);
			inputPaths = (
			);
			name = "[CP] Embed Pods Frameworks";
			outputPaths = (
			);
			runOnlyForDeploymentPostprocessing = 0;
			shellPath = /bin/sh;
			shellScript = "\"${SRCROOT}/Pods/Target Support Files/Pods-GitHubUsersTests/Pods-GitHubUsersTests-frameworks.sh\"\n";
			showEnvVarsInLog = 0;
		};
		F0487F66F167245E7A675C39 /* [CP] Copy Pods Resources */ = {
			isa = PBXShellScriptBuildPhase;
			buildActionMask = 2147483647;
			files = (
			);
			inputPaths = (
			);
			name = "[CP] Copy Pods Resources";
			outputPaths = (
			);
			runOnlyForDeploymentPostprocessing = 0;
			shellPath = /bin/sh;
			shellScript = "\"${SRCROOT}/Pods/Target Support Files/Pods-GitHubUsersTests/Pods-GitHubUsersTests-resources.sh\"\n";
			showEnvVarsInLog = 0;
		};
/* End PBXShellScriptBuildPhase section */

/* Begin PBXSourcesBuildPhase section */
		C6E6B54F1FDC513200846F90 /* Sources */ = {
			isa = PBXSourcesBuildPhase;
			buildActionMask = 2147483647;
			files = (
				C6E6B5571FDC513200846F90 /* AppDelegate.swift in Sources */,
				C6DCCA471FDD6E1400268E76 /* UsersViewModel.swift in Sources */,
				C6DCCA531FDD9BE600268E76 /* ReposViewModel.swift in Sources */,
				C6E6B5801FDC552100846F90 /* User.swift in Sources */,
				C6DCCA571FDD9C7C00268E76 /* UserTableViewCell.swift in Sources */,
				C6DCCA511FDD737300268E76 /* SceneCoordinator.swift in Sources */,
				C6DCCA4F1FDD735200268E76 /* SceneTransitionType.swift in Sources */,
				C6E6B5841FDC55A000846F90 /* Bindable.swift in Sources */,
				C6DCCA451FDD6DDC00268E76 /* UsersViewModelService.swift in Sources */,
				C6DCCA491FDD725700268E76 /* UsersViewController.swift in Sources */,
				C6E6B5821FDC553500846F90 /* Repo.swift in Sources */,
				C6DCCA591FDD9C9900268E76 /* RepoTableViewCell.swift in Sources */,
				C6DCCA551FDD9BFD00268E76 /* ReposViewController.swift in Sources */,
				C6DCCA4D1FDD733700268E76 /* SceneCoordinatorType.swift in Sources */,
				C6DCCA431FDD6A4000268E76 /* APIClientService.swift in Sources */,
				C6DCCA4B1FDD731E00268E76 /* Scene.swift in Sources */,
			);
			runOnlyForDeploymentPostprocessing = 0;
		};
		C6E6B5631FDC513200846F90 /* Sources */ = {
			isa = PBXSourcesBuildPhase;
			buildActionMask = 2147483647;
			files = (
				C6E6B56C1FDC513200846F90 /* GitHubUsersTests.swift in Sources */,
				C6DCCA5F1FDDA05F00268E76 /* MockAPIServiceClient.swift in Sources */,
				C6DCCA611FDDA41E00268E76 /* MockUsersViewModelService.swift in Sources */,
				C6DCCA631FDDA43700268E76 /* MockUsersViewModel.swift in Sources */,
			);
			runOnlyForDeploymentPostprocessing = 0;
		};
/* End PBXSourcesBuildPhase section */

/* Begin PBXTargetDependency section */
		C6E6B5691FDC513200846F90 /* PBXTargetDependency */ = {
			isa = PBXTargetDependency;
			target = C6E6B5521FDC513200846F90 /* GitHubUsers */;
			targetProxy = C6E6B5681FDC513200846F90 /* PBXContainerItemProxy */;
		};
/* End PBXTargetDependency section */

/* Begin PBXVariantGroup section */
		C6E6B55A1FDC513200846F90 /* Main.storyboard */ = {
			isa = PBXVariantGroup;
			children = (
				C6E6B55B1FDC513200846F90 /* Base */,
			);
			name = Main.storyboard;
			sourceTree = "<group>";
		};
		C6E6B55F1FDC513200846F90 /* LaunchScreen.storyboard */ = {
			isa = PBXVariantGroup;
			children = (
				C6E6B5601FDC513200846F90 /* Base */,
			);
			name = LaunchScreen.storyboard;
			sourceTree = "<group>";
		};
/* End PBXVariantGroup section */

/* Begin XCBuildConfiguration section */
		C6E6B56E1FDC513200846F90 /* Debug */ = {
			isa = XCBuildConfiguration;
			buildSettings = {
				ALWAYS_SEARCH_USER_PATHS = NO;
				CLANG_ANALYZER_NONNULL = YES;
				CLANG_ANALYZER_NUMBER_OBJECT_CONVERSION = YES_AGGRESSIVE;
				CLANG_CXX_LANGUAGE_STANDARD = "gnu++0x";
				CLANG_CXX_LIBRARY = "libc++";
				CLANG_ENABLE_MODULES = YES;
				CLANG_ENABLE_OBJC_ARC = YES;
				CLANG_WARN_BOOL_CONVERSION = YES;
				CLANG_WARN_CONSTANT_CONVERSION = YES;
				CLANG_WARN_DIRECT_OBJC_ISA_USAGE = YES_ERROR;
				CLANG_WARN_DOCUMENTATION_COMMENTS = YES;
				CLANG_WARN_EMPTY_BODY = YES;
				CLANG_WARN_ENUM_CONVERSION = YES;
				CLANG_WARN_INFINITE_RECURSION = YES;
				CLANG_WARN_INT_CONVERSION = YES;
				CLANG_WARN_OBJC_ROOT_CLASS = YES_ERROR;
				CLANG_WARN_SUSPICIOUS_MOVE = YES;
				CLANG_WARN_UNREACHABLE_CODE = YES;
				CLANG_WARN__DUPLICATE_METHOD_MATCH = YES;
				"CODE_SIGN_IDENTITY[sdk=iphoneos*]" = "iPhone Developer";
				COPY_PHASE_STRIP = NO;
				DEBUG_INFORMATION_FORMAT = dwarf;
				ENABLE_STRICT_OBJC_MSGSEND = YES;
				ENABLE_TESTABILITY = YES;
				GCC_C_LANGUAGE_STANDARD = gnu99;
				GCC_DYNAMIC_NO_PIC = NO;
				GCC_NO_COMMON_BLOCKS = YES;
				GCC_OPTIMIZATION_LEVEL = 0;
				GCC_PREPROCESSOR_DEFINITIONS = (
					"DEBUG=1",
					"$(inherited)",
				);
				GCC_WARN_64_TO_32_BIT_CONVERSION = YES;
				GCC_WARN_ABOUT_RETURN_TYPE = YES_ERROR;
				GCC_WARN_UNDECLARED_SELECTOR = YES;
				GCC_WARN_UNINITIALIZED_AUTOS = YES_AGGRESSIVE;
				GCC_WARN_UNUSED_FUNCTION = YES;
				GCC_WARN_UNUSED_VARIABLE = YES;
				IPHONEOS_DEPLOYMENT_TARGET = 10.3;
				MTL_ENABLE_DEBUG_INFO = YES;
				ONLY_ACTIVE_ARCH = YES;
				SDKROOT = iphoneos;
				SWIFT_ACTIVE_COMPILATION_CONDITIONS = DEBUG;
				SWIFT_OPTIMIZATION_LEVEL = "-Onone";
			};
			name = Debug;
		};
		C6E6B56F1FDC513200846F90 /* Release */ = {
			isa = XCBuildConfiguration;
			buildSettings = {
				ALWAYS_SEARCH_USER_PATHS = NO;
				CLANG_ANALYZER_NONNULL = YES;
				CLANG_ANALYZER_NUMBER_OBJECT_CONVERSION = YES_AGGRESSIVE;
				CLANG_CXX_LANGUAGE_STANDARD = "gnu++0x";
				CLANG_CXX_LIBRARY = "libc++";
				CLANG_ENABLE_MODULES = YES;
				CLANG_ENABLE_OBJC_ARC = YES;
				CLANG_WARN_BOOL_CONVERSION = YES;
				CLANG_WARN_CONSTANT_CONVERSION = YES;
				CLANG_WARN_DIRECT_OBJC_ISA_USAGE = YES_ERROR;
				CLANG_WARN_DOCUMENTATION_COMMENTS = YES;
				CLANG_WARN_EMPTY_BODY = YES;
				CLANG_WARN_ENUM_CONVERSION = YES;
				CLANG_WARN_INFINITE_RECURSION = YES;
				CLANG_WARN_INT_CONVERSION = YES;
				CLANG_WARN_OBJC_ROOT_CLASS = YES_ERROR;
				CLANG_WARN_SUSPICIOUS_MOVE = YES;
				CLANG_WARN_UNREACHABLE_CODE = YES;
				CLANG_WARN__DUPLICATE_METHOD_MATCH = YES;
				"CODE_SIGN_IDENTITY[sdk=iphoneos*]" = "iPhone Developer";
				COPY_PHASE_STRIP = NO;
				DEBUG_INFORMATION_FORMAT = "dwarf-with-dsym";
				ENABLE_NS_ASSERTIONS = NO;
				ENABLE_STRICT_OBJC_MSGSEND = YES;
				GCC_C_LANGUAGE_STANDARD = gnu99;
				GCC_NO_COMMON_BLOCKS = YES;
				GCC_WARN_64_TO_32_BIT_CONVERSION = YES;
				GCC_WARN_ABOUT_RETURN_TYPE = YES_ERROR;
				GCC_WARN_UNDECLARED_SELECTOR = YES;
				GCC_WARN_UNINITIALIZED_AUTOS = YES_AGGRESSIVE;
				GCC_WARN_UNUSED_FUNCTION = YES;
				GCC_WARN_UNUSED_VARIABLE = YES;
				IPHONEOS_DEPLOYMENT_TARGET = 10.3;
				MTL_ENABLE_DEBUG_INFO = NO;
				SDKROOT = iphoneos;
				SWIFT_OPTIMIZATION_LEVEL = "-Owholemodule";
				VALIDATE_PRODUCT = YES;
			};
			name = Release;
		};
		C6E6B5711FDC513200846F90 /* Debug */ = {
			isa = XCBuildConfiguration;
			baseConfigurationReference = C00729732A999C67C99AE422 /* Pods-GitHubUsers.debug.xcconfig */;
			buildSettings = {
				ASSETCATALOG_COMPILER_APPICON_NAME = AppIcon;
				DEVELOPMENT_TEAM = DNVNQCZ59K;
				INFOPLIST_FILE = GitHubUsers/Info.plist;
				IPHONEOS_DEPLOYMENT_TARGET = 9.0;
				LD_RUNPATH_SEARCH_PATHS = "$(inherited) @executable_path/Frameworks";
				PRODUCT_BUNDLE_IDENTIFIER = com.example.GitHubUsers;
				PRODUCT_NAME = "$(TARGET_NAME)";
				SWIFT_VERSION = 3.0;
			};
			name = Debug;
		};
		C6E6B5721FDC513200846F90 /* Release */ = {
			isa = XCBuildConfiguration;
			baseConfigurationReference = 2963A7881B1907FA9944998B /* Pods-GitHubUsers.release.xcconfig */;
			buildSettings = {
				ASSETCATALOG_COMPILER_APPICON_NAME = AppIcon;
				DEVELOPMENT_TEAM = DNVNQCZ59K;
				INFOPLIST_FILE = GitHubUsers/Info.plist;
				IPHONEOS_DEPLOYMENT_TARGET = 9.0;
				LD_RUNPATH_SEARCH_PATHS = "$(inherited) @executable_path/Frameworks";
				PRODUCT_BUNDLE_IDENTIFIER = com.example.GitHubUsers;
				PRODUCT_NAME = "$(TARGET_NAME)";
				SWIFT_VERSION = 3.0;
			};
			name = Release;
		};
		C6E6B5741FDC513200846F90 /* Debug */ = {
			isa = XCBuildConfiguration;
			baseConfigurationReference = FCA2F5BF88794986BAF80E12 /* Pods-GitHubUsersTests.debug.xcconfig */;
			buildSettings = {
				ALWAYS_EMBED_SWIFT_STANDARD_LIBRARIES = YES;
				BUNDLE_LOADER = "$(TEST_HOST)";
				DEVELOPMENT_TEAM = DNVNQCZ59K;
				INFOPLIST_FILE = GitHubUsersTests/Info.plist;
				LD_RUNPATH_SEARCH_PATHS = "$(inherited) @executable_path/Frameworks @loader_path/Frameworks";
				PRODUCT_BUNDLE_IDENTIFIER = com.example.GitHubUsersTests;
				PRODUCT_NAME = "$(TARGET_NAME)";
				SWIFT_VERSION = 3.0;
				TEST_HOST = "$(BUILT_PRODUCTS_DIR)/GitHubUsers.app/GitHubUsers";
			};
			name = Debug;
		};
		C6E6B5751FDC513200846F90 /* Release */ = {
			isa = XCBuildConfiguration;
			baseConfigurationReference = 682578AE92071A00B18886CC /* Pods-GitHubUsersTests.release.xcconfig */;
			buildSettings = {
				ALWAYS_EMBED_SWIFT_STANDARD_LIBRARIES = YES;
				BUNDLE_LOADER = "$(TEST_HOST)";
				DEVELOPMENT_TEAM = DNVNQCZ59K;
				INFOPLIST_FILE = GitHubUsersTests/Info.plist;
				LD_RUNPATH_SEARCH_PATHS = "$(inherited) @executable_path/Frameworks @loader_path/Frameworks";
				PRODUCT_BUNDLE_IDENTIFIER = com.example.GitHubUsersTests;
				PRODUCT_NAME = "$(TARGET_NAME)";
				SWIFT_VERSION = 3.0;
				TEST_HOST = "$(BUILT_PRODUCTS_DIR)/GitHubUsers.app/GitHubUsers";
			};
			name = Release;
		};
/* End XCBuildConfiguration section */

/* Begin XCConfigurationList section */
		C6E6B54E1FDC513200846F90 /* Build configuration list for PBXProject "GitHubUsers" */ = {
			isa = XCConfigurationList;
			buildConfigurations = (
				C6E6B56E1FDC513200846F90 /* Debug */,
				C6E6B56F1FDC513200846F90 /* Release */,
			);
			defaultConfigurationIsVisible = 0;
			defaultConfigurationName = Release;
		};
		C6E6B5701FDC513200846F90 /* Build configuration list for PBXNativeTarget "GitHubUsers" */ = {
			isa = XCConfigurationList;
			buildConfigurations = (
				C6E6B5711FDC513200846F90 /* Debug */,
				C6E6B5721FDC513200846F90 /* Release */,
			);
			defaultConfigurationIsVisible = 0;
			defaultConfigurationName = Release;
		};
		C6E6B5731FDC513200846F90 /* Build configuration list for PBXNativeTarget "GitHubUsersTests" */ = {
			isa = XCConfigurationList;
			buildConfigurations = (
				C6E6B5741FDC513200846F90 /* Debug */,
				C6E6B5751FDC513200846F90 /* Release */,
			);
			defaultConfigurationIsVisible = 0;
			defaultConfigurationName = Release;
		};
/* End XCConfigurationList section */
	};
	rootObject = C6E6B54B1FDC513200846F90 /* Project object */;
}
